
Microsoft Visual Studio Solution File, Format Version 12.00
# Visual Studio 15
VisualStudioVersion = 15.0.27428.2015
MinimumVisualStudioVersion = 10.0.40219.1
Project("{FAE04EC0-301F-11D3-BF4B-00C04F79EFBC}") = "W3af", "W3af\W3af.csproj", "{43175335-9583-42E9-B52A-74220D774BB5}"
EndProject
Project("{FAE04EC0-301F-11D3-BF4B-00C04F79EFBC}") = "W3af-REST-API", "W3af-REST-API\W3af-REST-API.csproj", "{CF3A75B4-300C-44C4-B196-CCB170896814}"
EndProject
Global
	GlobalSection(SolutionConfigurationPlatforms) = preSolution
		Debug|Any CPU = Debug|Any CPU
		Release|Any CPU = Release|Any CPU
	EndGlobalSection
	GlobalSection(ProjectConfigurationPlatforms) = postSolution
		{43175335-9583-42E9-B52A-74220D774BB5}.Debug|Any CPU.ActiveCfg = Debug|Any CPU
		{43175335-9583-42E9-B52A-74220D774BB5}.Debug|Any CPU.Build.0 = Debug|Any CPU
		{43175335-9583-42E9-B52A-74220D774BB5}.Release|Any CPU.ActiveCfg = Release|Any CPU
		{43175335-9583-42E9-B52A-74220D774BB5}.Release|Any CPU.Build.0 = Release|Any CPU
		{CF3A75B4-300C-44C4-B196-CCB170896814}.Debug|Any CPU.ActiveCfg = Debug|Any CPU
		{CF3A75B4-300C-44C4-B196-CCB170896814}.Debug|Any CPU.Build.0 = Debug|Any CPU
		{CF3A75B4-300C-44C4-B196-CCB170896814}.Release|Any CPU.ActiveCfg = Release|Any CPU
		{CF3A75B4-300C-44C4-B196-CCB170896814}.Release|Any CPU.Build.0 = Release|Any CPU
	EndGlobalSection
	GlobalSection(SolutionProperties) = preSolution
		HideSolutionNode = FALSE
	EndGlobalSection
	GlobalSection(ExtensibilityGlobals) = postSolution
		SolutionGuid = {E1793F55-484D-4F13-9783-8B5C34E1D3B9}
	EndGlobalSection
EndGlobal
